# THIS IS AN AUTOGENERATED FILE. DO NOT EDIT THIS FILE DIRECTLY.
# yarn lockfile v1


babel-polyfill@^6.26.0:
  version "6.26.0"
  resolved "https://registry.yarnpkg.com/babel-polyfill/-/babel-polyfill-6.26.0.tgz#379937abc67d7895970adc621f284cd966cf2153"
  integrity sha512-F2rZGQnAdaHWQ8YAoeRbukc7HS9QgdgeyJ0rQDd485v9opwuPvjpPFcOOT/WmkKTdgy9ESgSPXDcTNpzrGr6iQ==
  dependencies:
    babel-runtime "^6.26.0"
    core-js "^2.5.0"
    regenerator-runtime "^0.10.5"

babel-runtime@^6.26.0:
  version "6.26.0"
  resolved "https://registry.npmjs.org/babel-runtime/-/babel-runtime-6.26.0.tgz"
  integrity sha512-ITKNuq2wKlW1fJg9sSW52eepoYgZBggvOAHC0u/CYu/qxQ9EVzThCgR69BnSXLHjy2f7SY5zaQ4yt7H9ZVxY2g==
  dependencies:
    core-js "^2.4.0"
    regenerator-runtime "^0.11.0"

core-js@^2.4.0, core-js@^2.5.0:
  version "2.6.12"
  resolved "https://registry.npmjs.org/core-js/-/core-js-2.6.12.tgz"
  integrity sha512-Kb2wC0fvsWfQrgk8HU5lW6U/Lcs8+9aaYcy4ZFc6DDlo4nZ7n70dEgE5rtR0oG6ufKDUnrwfWL1mXR5ljDatrQ==

core-js@^3.35.0:
  version "3.35.0"
  resolved "https://registry.npmjs.org/core-js/-/core-js-3.35.0.tgz"
  integrity sha512-ntakECeqg81KqMueeGJ79Q5ZgQNR+6eaE8sxGCx62zMbAIj65q+uYvatToew3m6eAGdU4gNZwpZ34NMe4GYswg==

findit@>=0.0.2:
  version "2.0.0"
  resolved "https://registry.npmjs.org/findit/-/findit-2.0.0.tgz"
  integrity sha512-ENZS237/Hr8bjczn5eKuBohLgaD0JyUd0arxretR1f9RO46vZHA1b2y0VorgGV3WaOT3c+78P8h7v4JGJ1i/rg==

regenerator-runtime@^0.10.5:
  version "0.10.5"
  resolved "https://registry.npmjs.org/regenerator-runtime/-/regenerator-runtime-0.10.5.tgz"
  integrity sha512-02YopEIhAgiBHWeoTiA8aitHDt8z6w+rQqNuIftlM+ZtvSl/brTouaU7DW6GO/cHtvxJvS4Hwv2ibKdxIRi24w==

regenerator-runtime@^0.11.0:
  version "0.11.1"
  resolved "https://registry.npmjs.org/regenerator-runtime/-/regenerator-runtime-0.11.1.tgz"
  integrity sha512-MguG95oij0fC3QV3URf4V2SDYGJhJnJGqvIIgdECeODCT98wSWDAJ94SSuVpYQUoTcGUIL6L4yNB7j1DFFHSBg==

source@^0.0.3:
  version "0.0.3"
  resolved "https://registry.npmjs.org/source/-/source-0.0.3.tgz"
  integrity sha512-R3sMIbB31pFhS5qmiPfY6RYae6DQM1y4rdFyvB4dlMc5+YJ9ZQos+GTYNmV1hyozgUUHz4aQIIm+nZM9oKMVNQ==
  dependencies:
    findit ">=0.0.2"

systemjs@^6.14.3:
  version "6.14.3"
  resolved "https://registry.yarnpkg.com/systemjs/-/systemjs-6.14.3.tgz#c1d6e4ff5f9ff7106e5bb3d451360b1a066bde8a"
  integrity sha512-hQv45irdhXudAOr8r6SVSpJSGtogdGZUbJBRKCE5nsIS7tsxxvnIHqT4IOPWj+P+HcSzeWzHlGCGpmhPDIKe+w==
